// !$*UTF8*$!
{
	archiveVersion = 1;
	classes = {
	};
	objectVersion = 55;
	objects = {

/* Begin PBXBuildFile section */
		380311E426D4348300B8B168 /* ReceiptView.swift in Sources */ = {isa = PBXBuildFile; fileRef = 380311E326D4348300B8B168 /* ReceiptView.swift */; };
		380311E626D4454C00B8B168 /* RecognizedContent.swift in Sources */ = {isa = PBXBuildFile; fileRef = 380311E526D4454C00B8B168 /* RecognizedContent.swift */; };
		380311E926D5448C00B8B168 /* SelectSomethingView.swift in Sources */ = {isa = PBXBuildFile; fileRef = 380311E826D5448C00B8B168 /* SelectSomethingView.swift */; };
		380311EB26D5715700B8B168 /* ReceiptsViewModel-Recognizer.swift in Sources */ = {isa = PBXBuildFile; fileRef = 380311EA26D5715700B8B168 /* ReceiptsViewModel-Recognizer.swift */; };
		380311EF26D57AF500B8B168 /* DataController-Receipts.swift in Sources */ = {isa = PBXBuildFile; fileRef = 380311EE26D57AF500B8B168 /* DataController-Receipts.swift */; };
		380311F226D63F7400B8B168 /* ReceiptRowView.swift in Sources */ = {isa = PBXBuildFile; fileRef = 380311F126D63F7400B8B168 /* ReceiptRowView.swift */; };
		380311F426D656F700B8B168 /* RecognizedObservations.swift in Sources */ = {isa = PBXBuildFile; fileRef = 380311F326D656F700B8B168 /* RecognizedObservations.swift */; };
		3822FE9E26E269BB0078ECD1 /* DataController-ItemType.swift in Sources */ = {isa = PBXBuildFile; fileRef = 3822FE9D26E269BB0078ECD1 /* DataController-ItemType.swift */; };
		3822FEA026E272A10078ECD1 /* DataController-Item.swift in Sources */ = {isa = PBXBuildFile; fileRef = 3822FE9F26E272A10078ECD1 /* DataController-Item.swift */; };
		3822FEA226E276B40078ECD1 /* NSManagedObject-objectURL.swift in Sources */ = {isa = PBXBuildFile; fileRef = 3822FEA126E276B40078ECD1 /* NSManagedObject-objectURL.swift */; };
		3822FEA426E2A77C0078ECD1 /* ItemTypeViewModel.swift in Sources */ = {isa = PBXBuildFile; fileRef = 3822FEA326E2A77C0078ECD1 /* ItemTypeViewModel.swift */; };
		382DD12D26D663EF00C6DA95 /* RecognizedContentView.swift in Sources */ = {isa = PBXBuildFile; fileRef = 382DD12C26D663EF00C6DA95 /* RecognizedContentView.swift */; };
		382DD12F26D665F400C6DA95 /* ScanImageView.swift in Sources */ = {isa = PBXBuildFile; fileRef = 382DD12E26D665F400C6DA95 /* ScanImageView.swift */; };
		382DD13126D66F9F00C6DA95 /* ReceiptViewModel.swift in Sources */ = {isa = PBXBuildFile; fileRef = 382DD13026D66F9F00C6DA95 /* ReceiptViewModel.swift */; };
		382DD13326D7B9AB00C6DA95 /* RecognizedContentLineView.swift in Sources */ = {isa = PBXBuildFile; fileRef = 382DD13226D7B9AB00C6DA95 /* RecognizedContentLineView.swift */; };
		3843197926DD375500E78F73 /* Character-Emoji.swift in Sources */ = {isa = PBXBuildFile; fileRef = 3843197826DD375500E78F73 /* Character-Emoji.swift */; };
		3843197D26DD50FC00E78F73 /* StoreView.swift in Sources */ = {isa = PBXBuildFile; fileRef = 3843197C26DD50FC00E78F73 /* StoreView.swift */; };
		3859F9CB26C26EA200F2BEE5 /* UIImage.swift in Sources */ = {isa = PBXBuildFile; fileRef = 3859F9CA26C26EA200F2BEE5 /* UIImage.swift */; };
		385DBC2426D9119A00B0D245 /* Binding-onChange.swift in Sources */ = {isa = PBXBuildFile; fileRef = 385DBC2326D9119A00B0D245 /* Binding-onChange.swift */; };
		385DBC2726D98B7B00B0D245 /* StoresView.swift in Sources */ = {isa = PBXBuildFile; fileRef = 385DBC2626D98B7B00B0D245 /* StoresView.swift */; };
		385DBC2D26DB772800B0D245 /* Store-CoreDataHelpers.swift in Sources */ = {isa = PBXBuildFile; fileRef = 385DBC2C26DB772800B0D245 /* Store-CoreDataHelpers.swift */; };
		385DBC2F26DB780E00B0D245 /* Item-CoreDataHelpers.swift in Sources */ = {isa = PBXBuildFile; fileRef = 385DBC2E26DB780E00B0D245 /* Item-CoreDataHelpers.swift */; };
		385DBC3726DD1D2600B0D245 /* DataController-Previews.swift in Sources */ = {isa = PBXBuildFile; fileRef = 385DBC3626DD1D2600B0D245 /* DataController-Previews.swift */; };
		38696D6526DF556A00835E9E /* ItemTypesView.swift in Sources */ = {isa = PBXBuildFile; fileRef = 38696D6426DF556900835E9E /* ItemTypesView.swift */; };
		38696D6926DF596A00835E9E /* ItemTypeView.swift in Sources */ = {isa = PBXBuildFile; fileRef = 38696D6826DF596A00835E9E /* ItemTypeView.swift */; };
		38696D6B26DF5B4700835E9E /* ItemType-CoreDataHelpers.swift in Sources */ = {isa = PBXBuildFile; fileRef = 38696D6A26DF5B4700835E9E /* ItemType-CoreDataHelpers.swift */; };
		386EBE6A26BABE0400F1E4AB /* ReceiptKeeperApp.swift in Sources */ = {isa = PBXBuildFile; fileRef = 386EBE6926BABE0400F1E4AB /* ReceiptKeeperApp.swift */; };
		386EBE6C26BABE0400F1E4AB /* ContentView.swift in Sources */ = {isa = PBXBuildFile; fileRef = 386EBE6B26BABE0400F1E4AB /* ContentView.swift */; };
		386EBE6E26BABE0400F1E4AB /* Assets.xcassets in Resources */ = {isa = PBXBuildFile; fileRef = 386EBE6D26BABE0400F1E4AB /* Assets.xcassets */; };
		386EBE7126BABE0400F1E4AB /* Preview Assets.xcassets in Resources */ = {isa = PBXBuildFile; fileRef = 386EBE7026BABE0400F1E4AB /* Preview Assets.xcassets */; };
		3872875226BF11E5008B312B /* DataController.swift in Sources */ = {isa = PBXBuildFile; fileRef = 3872875126BF11E5008B312B /* DataController.swift */; };
		3872875926BF1EE8008B312B /* ReceiptsViewModel.swift in Sources */ = {isa = PBXBuildFile; fileRef = 3872875826BF1EE8008B312B /* ReceiptsViewModel.swift */; };
		387E09F626CEA4E1007D0542 /* CloudKit.framework in Frameworks */ = {isa = PBXBuildFile; fileRef = 387E09F526CEA4E1007D0542 /* CloudKit.framework */; };
		387E09F926CEA5E1007D0542 /* Main.xcdatamodeld in Sources */ = {isa = PBXBuildFile; fileRef = 387E09F726CEA5E1007D0542 /* Main.xcdatamodeld */; };
		387E09FC26CEE57C007D0542 /* RecognitionData.swift in Sources */ = {isa = PBXBuildFile; fileRef = 387E09FB26CEE57C007D0542 /* RecognitionData.swift */; };
		387E0A0026D2D00E007D0542 /* RecognitionDataTransformer.swift in Sources */ = {isa = PBXBuildFile; fileRef = 387E09FF26D2D00E007D0542 /* RecognitionDataTransformer.swift */; };
		3882210B26E53758002478E0 /* ItemView.swift in Sources */ = {isa = PBXBuildFile; fileRef = 3882210A26E53758002478E0 /* ItemView.swift */; };
		388C181026C25FBE009D0F23 /* Baseline.swift in Sources */ = {isa = PBXBuildFile; fileRef = 388C180F26C25FBE009D0F23 /* Baseline.swift */; };
		38B786FB26E0B4980011A53A /* ItemTypePicker.swift in Sources */ = {isa = PBXBuildFile; fileRef = 38B786FA26E0B4980011A53A /* ItemTypePicker.swift */; };
		38B786FD26E0B5690011A53A /* ItemTypePickerModel.swift in Sources */ = {isa = PBXBuildFile; fileRef = 38B786FC26E0B5690011A53A /* ItemTypePickerModel.swift */; };
		38B7870126E112CE0011A53A /* DataController-Publisher.swift in Sources */ = {isa = PBXBuildFile; fileRef = 38B7870026E112CE0011A53A /* DataController-Publisher.swift */; };
		38B7870326E1FDE00011A53A /* NSManagedObjectContext-save.swift in Sources */ = {isa = PBXBuildFile; fileRef = 38B7870226E1FDE00011A53A /* NSManagedObjectContext-save.swift */; };
		38B7870726E22E120011A53A /* DataController-Vendors.swift in Sources */ = {isa = PBXBuildFile; fileRef = 38B7870626E22E120011A53A /* DataController-Vendors.swift */; };
		38BB9B9326BABED900CE2946 /* ScannerView.swift in Sources */ = {isa = PBXBuildFile; fileRef = 38BB9B9226BABED900CE2946 /* ScannerView.swift */; };
		38C1ACC326D3C2830030C6C0 /* Receipt-CoreDataHelpers.swift in Sources */ = {isa = PBXBuildFile; fileRef = 38C1ACC226D3C2830030C6C0 /* Receipt-CoreDataHelpers.swift */; };
		38DDD07E26E53783007B2F3C /* MapView.swift in Sources */ = {isa = PBXBuildFile; fileRef = 38DDD07D26E53783007B2F3C /* MapView.swift */; };
		38DDD08226E53ECB007B2F3C /* ItemCategoryPicker.swift in Sources */ = {isa = PBXBuildFile; fileRef = 38DDD08126E53ECB007B2F3C /* ItemCategoryPicker.swift */; };
		38E89E4726BD9731006A0D49 /* Line.swift in Sources */ = {isa = PBXBuildFile; fileRef = 38E89E4626BD9731006A0D49 /* Line.swift */; };
		38E9908426C19B52007FF507 /* CGRect.swift in Sources */ = {isa = PBXBuildFile; fileRef = 38E9908326C19B52007FF507 /* CGRect.swift */; };
		38F20D5B26BBFE0E007D0A0E /* ReceiptsView.swift in Sources */ = {isa = PBXBuildFile; fileRef = 38F20D5A26BBFE0E007D0A0E /* ReceiptsView.swift */; };
		38F7B72B26CBCF88008E9CF0 /* TextBlock.swift in Sources */ = {isa = PBXBuildFile; fileRef = 38F7B72A26CBCF88008E9CF0 /* TextBlock.swift */; };
/* End PBXBuildFile section */

/* Begin PBXFileReference section */
		380311E326D4348300B8B168 /* ReceiptView.swift */ = {isa = PBXFileReference; lastKnownFileType = sourcecode.swift; path = ReceiptView.swift; sourceTree = "<group>"; };
		380311E526D4454C00B8B168 /* RecognizedContent.swift */ = {isa = PBXFileReference; lastKnownFileType = sourcecode.swift; path = RecognizedContent.swift; sourceTree = "<group>"; };
		380311E826D5448C00B8B168 /* SelectSomethingView.swift */ = {isa = PBXFileReference; lastKnownFileType = sourcecode.swift; path = SelectSomethingView.swift; sourceTree = "<group>"; };
		380311EA26D5715700B8B168 /* ReceiptsViewModel-Recognizer.swift */ = {isa = PBXFileReference; lastKnownFileType = sourcecode.swift; path = "ReceiptsViewModel-Recognizer.swift"; sourceTree = "<group>"; };
		380311EE26D57AF500B8B168 /* DataController-Receipts.swift */ = {isa = PBXFileReference; lastKnownFileType = sourcecode.swift; path = "DataController-Receipts.swift"; sourceTree = "<group>"; };
		380311F126D63F7400B8B168 /* ReceiptRowView.swift */ = {isa = PBXFileReference; lastKnownFileType = sourcecode.swift; path = ReceiptRowView.swift; sourceTree = "<group>"; };
		380311F326D656F700B8B168 /* RecognizedObservations.swift */ = {isa = PBXFileReference; lastKnownFileType = sourcecode.swift; path = RecognizedObservations.swift; sourceTree = "<group>"; };
		3822FE9D26E269BB0078ECD1 /* DataController-ItemType.swift */ = {isa = PBXFileReference; lastKnownFileType = sourcecode.swift; path = "DataController-ItemType.swift"; sourceTree = "<group>"; };
		3822FE9F26E272A10078ECD1 /* DataController-Item.swift */ = {isa = PBXFileReference; lastKnownFileType = sourcecode.swift; path = "DataController-Item.swift"; sourceTree = "<group>"; };
		3822FEA126E276B40078ECD1 /* NSManagedObject-objectURL.swift */ = {isa = PBXFileReference; lastKnownFileType = sourcecode.swift; path = "NSManagedObject-objectURL.swift"; sourceTree = "<group>"; };
		3822FEA326E2A77C0078ECD1 /* ItemTypeViewModel.swift */ = {isa = PBXFileReference; lastKnownFileType = sourcecode.swift; path = ItemTypeViewModel.swift; sourceTree = "<group>"; };
		382DD12C26D663EF00C6DA95 /* RecognizedContentView.swift */ = {isa = PBXFileReference; lastKnownFileType = sourcecode.swift; path = RecognizedContentView.swift; sourceTree = "<group>"; };
		382DD12E26D665F400C6DA95 /* ScanImageView.swift */ = {isa = PBXFileReference; lastKnownFileType = sourcecode.swift; path = ScanImageView.swift; sourceTree = "<group>"; };
		382DD13026D66F9F00C6DA95 /* ReceiptViewModel.swift */ = {isa = PBXFileReference; lastKnownFileType = sourcecode.swift; path = ReceiptViewModel.swift; sourceTree = "<group>"; };
		382DD13226D7B9AB00C6DA95 /* RecognizedContentLineView.swift */ = {isa = PBXFileReference; lastKnownFileType = sourcecode.swift; path = RecognizedContentLineView.swift; sourceTree = "<group>"; };
		3843197826DD375500E78F73 /* Character-Emoji.swift */ = {isa = PBXFileReference; lastKnownFileType = sourcecode.swift; path = "Character-Emoji.swift"; sourceTree = "<group>"; };
		3843197C26DD50FC00E78F73 /* StoreView.swift */ = {isa = PBXFileReference; lastKnownFileType = sourcecode.swift; path = StoreView.swift; sourceTree = "<group>"; };
		3859F9CA26C26EA200F2BEE5 /* UIImage.swift */ = {isa = PBXFileReference; lastKnownFileType = sourcecode.swift; path = UIImage.swift; sourceTree = "<group>"; };
		385DBC2326D9119A00B0D245 /* Binding-onChange.swift */ = {isa = PBXFileReference; lastKnownFileType = sourcecode.swift; path = "Binding-onChange.swift"; sourceTree = "<group>"; };
		385DBC2626D98B7B00B0D245 /* StoresView.swift */ = {isa = PBXFileReference; lastKnownFileType = sourcecode.swift; path = StoresView.swift; sourceTree = "<group>"; };
		385DBC2C26DB772800B0D245 /* Store-CoreDataHelpers.swift */ = {isa = PBXFileReference; lastKnownFileType = sourcecode.swift; path = "Store-CoreDataHelpers.swift"; sourceTree = "<group>"; };
		385DBC2E26DB780E00B0D245 /* Item-CoreDataHelpers.swift */ = {isa = PBXFileReference; lastKnownFileType = sourcecode.swift; path = "Item-CoreDataHelpers.swift"; sourceTree = "<group>"; };
		385DBC3626DD1D2600B0D245 /* DataController-Previews.swift */ = {isa = PBXFileReference; lastKnownFileType = sourcecode.swift; path = "DataController-Previews.swift"; sourceTree = "<group>"; };
		38696D6426DF556900835E9E /* ItemTypesView.swift */ = {isa = PBXFileReference; lastKnownFileType = sourcecode.swift; path = ItemTypesView.swift; sourceTree = "<group>"; };
		38696D6826DF596A00835E9E /* ItemTypeView.swift */ = {isa = PBXFileReference; lastKnownFileType = sourcecode.swift; path = ItemTypeView.swift; sourceTree = "<group>"; };
		38696D6A26DF5B4700835E9E /* ItemType-CoreDataHelpers.swift */ = {isa = PBXFileReference; lastKnownFileType = sourcecode.swift; path = "ItemType-CoreDataHelpers.swift"; sourceTree = "<group>"; };
		386EBE6626BABE0400F1E4AB /* ReceiptKeeper.app */ = {isa = PBXFileReference; explicitFileType = wrapper.application; includeInIndex = 0; path = ReceiptKeeper.app; sourceTree = BUILT_PRODUCTS_DIR; };
		386EBE6926BABE0400F1E4AB /* ReceiptKeeperApp.swift */ = {isa = PBXFileReference; lastKnownFileType = sourcecode.swift; path = ReceiptKeeperApp.swift; sourceTree = "<group>"; };
		386EBE6B26BABE0400F1E4AB /* ContentView.swift */ = {isa = PBXFileReference; lastKnownFileType = sourcecode.swift; path = ContentView.swift; sourceTree = "<group>"; };
		386EBE6D26BABE0400F1E4AB /* Assets.xcassets */ = {isa = PBXFileReference; lastKnownFileType = folder.assetcatalog; path = Assets.xcassets; sourceTree = "<group>"; };
		386EBE7026BABE0400F1E4AB /* Preview Assets.xcassets */ = {isa = PBXFileReference; lastKnownFileType = folder.assetcatalog; path = "Preview Assets.xcassets"; sourceTree = "<group>"; };
		3872875126BF11E5008B312B /* DataController.swift */ = {isa = PBXFileReference; lastKnownFileType = sourcecode.swift; path = DataController.swift; sourceTree = "<group>"; };
		3872875826BF1EE8008B312B /* ReceiptsViewModel.swift */ = {isa = PBXFileReference; lastKnownFileType = sourcecode.swift; path = ReceiptsViewModel.swift; sourceTree = "<group>"; };
		387E09F326CEA4CE007D0542 /* ReceiptKeeper.entitlements */ = {isa = PBXFileReference; lastKnownFileType = text.plist.entitlements; path = ReceiptKeeper.entitlements; sourceTree = "<group>"; };
		387E09F526CEA4E1007D0542 /* CloudKit.framework */ = {isa = PBXFileReference; lastKnownFileType = wrapper.framework; name = CloudKit.framework; path = System/Library/Frameworks/CloudKit.framework; sourceTree = SDKROOT; };
		387E09F826CEA5E1007D0542 /* Main.xcdatamodel */ = {isa = PBXFileReference; lastKnownFileType = wrapper.xcdatamodel; path = Main.xcdatamodel; sourceTree = "<group>"; };
		387E09FB26CEE57C007D0542 /* RecognitionData.swift */ = {isa = PBXFileReference; lastKnownFileType = sourcecode.swift; path = RecognitionData.swift; sourceTree = "<group>"; };
		387E09FF26D2D00E007D0542 /* RecognitionDataTransformer.swift */ = {isa = PBXFileReference; lastKnownFileType = sourcecode.swift; path = RecognitionDataTransformer.swift; sourceTree = "<group>"; };
		3882210A26E53758002478E0 /* ItemView.swift */ = {isa = PBXFileReference; fileEncoding = 4; lastKnownFileType = sourcecode.swift; path = ItemView.swift; sourceTree = "<group>"; };
		388C180F26C25FBE009D0F23 /* Baseline.swift */ = {isa = PBXFileReference; lastKnownFileType = sourcecode.swift; path = Baseline.swift; sourceTree = "<group>"; };
		38B786FA26E0B4980011A53A /* ItemTypePicker.swift */ = {isa = PBXFileReference; lastKnownFileType = sourcecode.swift; path = ItemTypePicker.swift; sourceTree = "<group>"; };
		38B786FC26E0B5690011A53A /* ItemTypePickerModel.swift */ = {isa = PBXFileReference; lastKnownFileType = sourcecode.swift; path = ItemTypePickerModel.swift; sourceTree = "<group>"; };
		38B7870026E112CE0011A53A /* DataController-Publisher.swift */ = {isa = PBXFileReference; lastKnownFileType = sourcecode.swift; path = "DataController-Publisher.swift"; sourceTree = "<group>"; };
		38B7870226E1FDE00011A53A /* NSManagedObjectContext-save.swift */ = {isa = PBXFileReference; lastKnownFileType = sourcecode.swift; path = "NSManagedObjectContext-save.swift"; sourceTree = "<group>"; };
		38B7870626E22E120011A53A /* DataController-Vendors.swift */ = {isa = PBXFileReference; lastKnownFileType = sourcecode.swift; path = "DataController-Vendors.swift"; sourceTree = "<group>"; };
		38BB9B9226BABED900CE2946 /* ScannerView.swift */ = {isa = PBXFileReference; lastKnownFileType = sourcecode.swift; path = ScannerView.swift; sourceTree = "<group>"; };
		38BB9B9426BAC05E00CE2946 /* Info.plist */ = {isa = PBXFileReference; lastKnownFileType = text.plist; path = Info.plist; sourceTree = "<group>"; };
		38C1ACC226D3C2830030C6C0 /* Receipt-CoreDataHelpers.swift */ = {isa = PBXFileReference; lastKnownFileType = sourcecode.swift; path = "Receipt-CoreDataHelpers.swift"; sourceTree = "<group>"; };
		38DDD07D26E53783007B2F3C /* MapView.swift */ = {isa = PBXFileReference; fileEncoding = 4; lastKnownFileType = sourcecode.swift; path = MapView.swift; sourceTree = "<group>"; };
		38DDD08126E53ECB007B2F3C /* ItemCategoryPicker.swift */ = {isa = PBXFileReference; lastKnownFileType = sourcecode.swift; path = ItemCategoryPicker.swift; sourceTree = "<group>"; };
		38E89E4626BD9731006A0D49 /* Line.swift */ = {isa = PBXFileReference; lastKnownFileType = sourcecode.swift; path = Line.swift; sourceTree = "<group>"; };
		38E9908326C19B52007FF507 /* CGRect.swift */ = {isa = PBXFileReference; lastKnownFileType = sourcecode.swift; path = CGRect.swift; sourceTree = "<group>"; };
		38F20D5A26BBFE0E007D0A0E /* ReceiptsView.swift */ = {isa = PBXFileReference; lastKnownFileType = sourcecode.swift; path = ReceiptsView.swift; sourceTree = "<group>"; };
		38F7B72A26CBCF88008E9CF0 /* TextBlock.swift */ = {isa = PBXFileReference; lastKnownFileType = sourcecode.swift; path = TextBlock.swift; sourceTree = "<group>"; };
/* End PBXFileReference section */

/* Begin PBXFrameworksBuildPhase section */
		386EBE6326BABE0400F1E4AB /* Frameworks */ = {
			isa = PBXFrameworksBuildPhase;
			buildActionMask = 2147483647;
			files = (
				387E09F626CEA4E1007D0542 /* CloudKit.framework in Frameworks */,
			);
			runOnlyForDeploymentPostprocessing = 0;
		};
/* End PBXFrameworksBuildPhase section */

/* Begin PBXGroup section */
		380311EC26D571D200B8B168 /* ReceiptsView */ = {
			isa = PBXGroup;
			children = (
				38F20D5A26BBFE0E007D0A0E /* ReceiptsView.swift */,
				38B786FF26E1113D0011A53A /* ReceiptsViewModel */,
				380311F126D63F7400B8B168 /* ReceiptRowView.swift */,
			);
			path = ReceiptsView;
			sourceTree = "<group>";
		};
		380311ED26D57A9D00B8B168 /* DataLayer */ = {
			isa = PBXGroup;
			children = (
				38C1ACC126D3A1B00030C6C0 /* Models */,
				38B7870526E22DFA0011A53A /* DataController */,
			);
			path = DataLayer;
			sourceTree = "<group>";
		};
		380311F026D585C500B8B168 /* RecognitionData */ = {
			isa = PBXGroup;
			children = (
				387E09FB26CEE57C007D0542 /* RecognitionData.swift */,
				387E09FF26D2D00E007D0542 /* RecognitionDataTransformer.swift */,
				380311E526D4454C00B8B168 /* RecognizedContent.swift */,
				38E89E4626BD9731006A0D49 /* Line.swift */,
				388C180F26C25FBE009D0F23 /* Baseline.swift */,
				38F7B72A26CBCF88008E9CF0 /* TextBlock.swift */,
			);
			path = RecognitionData;
			sourceTree = "<group>";
		};
		382DD12B26D663DA00C6DA95 /* ReceiptView */ = {
			isa = PBXGroup;
			children = (
				380311E326D4348300B8B168 /* ReceiptView.swift */,
				382DD13026D66F9F00C6DA95 /* ReceiptViewModel.swift */,
				38DDD07D26E53783007B2F3C /* MapView.swift */,
				38DDD08026E5379F007B2F3C /* ItemView */,
				38696D6D26E0B2E600835E9E /* RecognizedContentView */,
			);
			path = ReceiptView;
			sourceTree = "<group>";
		};
		385DBC2526D98B6700B0D245 /* Stores */ = {
			isa = PBXGroup;
			children = (
				385DBC2626D98B7B00B0D245 /* StoresView.swift */,
				3843197C26DD50FC00E78F73 /* StoreView.swift */,
			);
			path = Stores;
			sourceTree = "<group>";
		};
		38696D6326DF554300835E9E /* ItemTypes */ = {
			isa = PBXGroup;
			children = (
				38696D6426DF556900835E9E /* ItemTypesView.swift */,
				38696D6826DF596A00835E9E /* ItemTypeView.swift */,
				38DDD08126E53ECB007B2F3C /* ItemCategoryPicker.swift */,
				3822FEA326E2A77C0078ECD1 /* ItemTypeViewModel.swift */,
			);
			path = ItemTypes;
			sourceTree = "<group>";
		};
		38696D6D26E0B2E600835E9E /* RecognizedContentView */ = {
			isa = PBXGroup;
			children = (
				382DD12C26D663EF00C6DA95 /* RecognizedContentView.swift */,
				382DD13226D7B9AB00C6DA95 /* RecognizedContentLineView.swift */,
				382DD12E26D665F400C6DA95 /* ScanImageView.swift */,
			);
			path = RecognizedContentView;
			sourceTree = "<group>";
		};
		386EBE5D26BABE0400F1E4AB = {
			isa = PBXGroup;
			children = (
				386EBE6826BABE0400F1E4AB /* ReceiptKeeper */,
				386EBE6726BABE0400F1E4AB /* Products */,
				387E09F426CEA4E1007D0542 /* Frameworks */,
			);
			sourceTree = "<group>";
		};
		386EBE6726BABE0400F1E4AB /* Products */ = {
			isa = PBXGroup;
			children = (
				386EBE6626BABE0400F1E4AB /* ReceiptKeeper.app */,
			);
			name = Products;
			sourceTree = "<group>";
		};
		386EBE6826BABE0400F1E4AB /* ReceiptKeeper */ = {
			isa = PBXGroup;
			children = (
				387E09F326CEA4CE007D0542 /* ReceiptKeeper.entitlements */,
				38E89E3D26BD703E006A0D49 /* Extensions */,
				38E89E3A26BD6A28006A0D49 /* Activities */,
				38BB9B9426BAC05E00CE2946 /* Info.plist */,
				380311ED26D57A9D00B8B168 /* DataLayer */,
				387E09F726CEA5E1007D0542 /* Main.xcdatamodeld */,
				386EBE6926BABE0400F1E4AB /* ReceiptKeeperApp.swift */,
				386EBE6B26BABE0400F1E4AB /* ContentView.swift */,
				386EBE6D26BABE0400F1E4AB /* Assets.xcassets */,
				386EBE6F26BABE0400F1E4AB /* Preview Content */,
			);
			path = ReceiptKeeper;
			sourceTree = "<group>";
		};
		386EBE6F26BABE0400F1E4AB /* Preview Content */ = {
			isa = PBXGroup;
			children = (
				386EBE7026BABE0400F1E4AB /* Preview Assets.xcassets */,
			);
			path = "Preview Content";
			sourceTree = "<group>";
		};
		3872875726BF1871008B312B /* Receipts */ = {
			isa = PBXGroup;
			children = (
				38BB9B9226BABED900CE2946 /* ScannerView.swift */,
				380311E826D5448C00B8B168 /* SelectSomethingView.swift */,
				380311EC26D571D200B8B168 /* ReceiptsView */,
				382DD12B26D663DA00C6DA95 /* ReceiptView */,
			);
			path = Receipts;
			sourceTree = "<group>";
		};
		387E09F426CEA4E1007D0542 /* Frameworks */ = {
			isa = PBXGroup;
			children = (
				387E09F526CEA4E1007D0542 /* CloudKit.framework */,
			);
			name = Frameworks;
			sourceTree = "<group>";
		};
		38B786FE26E0B5730011A53A /* ItemTypePicker */ = {
			isa = PBXGroup;
			children = (
				38B786FA26E0B4980011A53A /* ItemTypePicker.swift */,
				38B786FC26E0B5690011A53A /* ItemTypePickerModel.swift */,
			);
			path = ItemTypePicker;
			sourceTree = "<group>";
		};
		38B786FF26E1113D0011A53A /* ReceiptsViewModel */ = {
			isa = PBXGroup;
			children = (
				3872875826BF1EE8008B312B /* ReceiptsViewModel.swift */,
				380311EA26D5715700B8B168 /* ReceiptsViewModel-Recognizer.swift */,
				380311F326D656F700B8B168 /* RecognizedObservations.swift */,
			);
			path = ReceiptsViewModel;
			sourceTree = "<group>";
		};
		38B7870526E22DFA0011A53A /* DataController */ = {
			isa = PBXGroup;
			children = (
				3872875126BF11E5008B312B /* DataController.swift */,
				38B7870626E22E120011A53A /* DataController-Vendors.swift */,
				3822FE9D26E269BB0078ECD1 /* DataController-ItemType.swift */,
				3822FE9F26E272A10078ECD1 /* DataController-Item.swift */,
				38B7870026E112CE0011A53A /* DataController-Publisher.swift */,
				380311EE26D57AF500B8B168 /* DataController-Receipts.swift */,
				385DBC3626DD1D2600B0D245 /* DataController-Previews.swift */,
			);
			path = DataController;
			sourceTree = "<group>";
		};
		38C1ACC126D3A1B00030C6C0 /* Models */ = {
			isa = PBXGroup;
			children = (
				38C1ACC226D3C2830030C6C0 /* Receipt-CoreDataHelpers.swift */,
				385DBC2E26DB780E00B0D245 /* Item-CoreDataHelpers.swift */,
				385DBC2C26DB772800B0D245 /* Store-CoreDataHelpers.swift */,
				38696D6A26DF5B4700835E9E /* ItemType-CoreDataHelpers.swift */,
				380311F026D585C500B8B168 /* RecognitionData */,
			);
			path = Models;
			sourceTree = "<group>";
		};
		38DDD08026E5379F007B2F3C /* ItemView */ = {
			isa = PBXGroup;
			children = (
				3882210A26E53758002478E0 /* ItemView.swift */,
				38B786FE26E0B5730011A53A /* ItemTypePicker */,
			);
			path = ItemView;
			sourceTree = "<group>";
		};
		38E89E3A26BD6A28006A0D49 /* Activities */ = {
			isa = PBXGroup;
			children = (
				3872875726BF1871008B312B /* Receipts */,
				38696D6326DF554300835E9E /* ItemTypes */,
				385DBC2526D98B6700B0D245 /* Stores */,
			);
			path = Activities;
			sourceTree = "<group>";
		};
		38E89E3D26BD703E006A0D49 /* Extensions */ = {
			isa = PBXGroup;
			children = (
				38E9908326C19B52007FF507 /* CGRect.swift */,
				3859F9CA26C26EA200F2BEE5 /* UIImage.swift */,
				385DBC2326D9119A00B0D245 /* Binding-onChange.swift */,
				3843197826DD375500E78F73 /* Character-Emoji.swift */,
				38B7870226E1FDE00011A53A /* NSManagedObjectContext-save.swift */,
				3822FEA126E276B40078ECD1 /* NSManagedObject-objectURL.swift */,
			);
			path = Extensions;
			sourceTree = "<group>";
		};
/* End PBXGroup section */

/* Begin PBXNativeTarget section */
		386EBE6526BABE0400F1E4AB /* ReceiptKeeper */ = {
			isa = PBXNativeTarget;
			buildConfigurationList = 386EBE7426BABE0400F1E4AB /* Build configuration list for PBXNativeTarget "ReceiptKeeper" */;
			buildPhases = (
				386EBE6226BABE0400F1E4AB /* Sources */,
				386EBE6326BABE0400F1E4AB /* Frameworks */,
				386EBE6426BABE0400F1E4AB /* Resources */,
			);
			buildRules = (
			);
			dependencies = (
			);
			name = ReceiptKeeper;
			productName = ReceiptKeeper;
			productReference = 386EBE6626BABE0400F1E4AB /* ReceiptKeeper.app */;
			productType = "com.apple.product-type.application";
		};
/* End PBXNativeTarget section */

/* Begin PBXProject section */
		386EBE5E26BABE0400F1E4AB /* Project object */ = {
			isa = PBXProject;
			attributes = {
				BuildIndependentTargetsInParallel = 1;
				LastSwiftUpdateCheck = 1300;
				LastUpgradeCheck = 1300;
				TargetAttributes = {
					386EBE6526BABE0400F1E4AB = {
						CreatedOnToolsVersion = 13.0;
					};
				};
			};
			buildConfigurationList = 386EBE6126BABE0400F1E4AB /* Build configuration list for PBXProject "ReceiptKeeper" */;
			compatibilityVersion = "Xcode 13.0";
			developmentRegion = en;
			hasScannedForEncodings = 0;
			knownRegions = (
				en,
				Base,
			);
			mainGroup = 386EBE5D26BABE0400F1E4AB;
			productRefGroup = 386EBE6726BABE0400F1E4AB /* Products */;
			projectDirPath = "";
			projectRoot = "";
			targets = (
				386EBE6526BABE0400F1E4AB /* ReceiptKeeper */,
			);
		};
/* End PBXProject section */

/* Begin PBXResourcesBuildPhase section */
		386EBE6426BABE0400F1E4AB /* Resources */ = {
			isa = PBXResourcesBuildPhase;
			buildActionMask = 2147483647;
			files = (
				386EBE7126BABE0400F1E4AB /* Preview Assets.xcassets in Resources */,
				386EBE6E26BABE0400F1E4AB /* Assets.xcassets in Resources */,
			);
			runOnlyForDeploymentPostprocessing = 0;
		};
/* End PBXResourcesBuildPhase section */

/* Begin PBXSourcesBuildPhase section */
		386EBE6226BABE0400F1E4AB /* Sources */ = {
			isa = PBXSourcesBuildPhase;
			buildActionMask = 2147483647;
			files = (
				388C181026C25FBE009D0F23 /* Baseline.swift in Sources */,
				38B7870326E1FDE00011A53A /* NSManagedObjectContext-save.swift in Sources */,
				380311EB26D5715700B8B168 /* ReceiptsViewModel-Recognizer.swift in Sources */,
				38696D6526DF556A00835E9E /* ItemTypesView.swift in Sources */,
				380311E426D4348300B8B168 /* ReceiptView.swift in Sources */,
				38E89E4726BD9731006A0D49 /* Line.swift in Sources */,
				38696D6B26DF5B4700835E9E /* ItemType-CoreDataHelpers.swift in Sources */,
				387E09F926CEA5E1007D0542 /* Main.xcdatamodeld in Sources */,
				385DBC2D26DB772800B0D245 /* Store-CoreDataHelpers.swift in Sources */,
				380311E626D4454C00B8B168 /* RecognizedContent.swift in Sources */,
				385DBC2F26DB780E00B0D245 /* Item-CoreDataHelpers.swift in Sources */,
				387E09FC26CEE57C007D0542 /* RecognitionData.swift in Sources */,
				38F20D5B26BBFE0E007D0A0E /* ReceiptsView.swift in Sources */,
				382DD13126D66F9F00C6DA95 /* ReceiptViewModel.swift in Sources */,
				38DDD08226E53ECB007B2F3C /* ItemCategoryPicker.swift in Sources */,
				386EBE6C26BABE0400F1E4AB /* ContentView.swift in Sources */,
				385DBC3726DD1D2600B0D245 /* DataController-Previews.swift in Sources */,
				380311F426D656F700B8B168 /* RecognizedObservations.swift in Sources */,
				382DD12F26D665F400C6DA95 /* ScanImageView.swift in Sources */,
				3882210B26E53758002478E0 /* ItemView.swift in Sources */,
				3822FEA426E2A77C0078ECD1 /* ItemTypeViewModel.swift in Sources */,
				382DD12D26D663EF00C6DA95 /* RecognizedContentView.swift in Sources */,
				380311F226D63F7400B8B168 /* ReceiptRowView.swift in Sources */,
				38BB9B9326BABED900CE2946 /* ScannerView.swift in Sources */,
				38B7870726E22E120011A53A /* DataController-Vendors.swift in Sources */,
				38696D6926DF596A00835E9E /* ItemTypeView.swift in Sources */,
				38B7870126E112CE0011A53A /* DataController-Publisher.swift in Sources */,
				38B786FD26E0B5690011A53A /* ItemTypePickerModel.swift in Sources */,
				386EBE6A26BABE0400F1E4AB /* ReceiptKeeperApp.swift in Sources */,
				385DBC2726D98B7B00B0D245 /* StoresView.swift in Sources */,
				3872875226BF11E5008B312B /* DataController.swift in Sources */,
				38C1ACC326D3C2830030C6C0 /* Receipt-CoreDataHelpers.swift in Sources */,
				380311E926D5448C00B8B168 /* SelectSomethingView.swift in Sources */,
				3872875926BF1EE8008B312B /* ReceiptsViewModel.swift in Sources */,
				38F7B72B26CBCF88008E9CF0 /* TextBlock.swift in Sources */,
				3859F9CB26C26EA200F2BEE5 /* UIImage.swift in Sources */,
				3822FEA226E276B40078ECD1 /* NSManagedObject-objectURL.swift in Sources */,
				380311EF26D57AF500B8B168 /* DataController-Receipts.swift in Sources */,
				38E9908426C19B52007FF507 /* CGRect.swift in Sources */,
				3843197926DD375500E78F73 /* Character-Emoji.swift in Sources */,
				38DDD07E26E53783007B2F3C /* MapView.swift in Sources */,
				3822FE9E26E269BB0078ECD1 /* DataController-ItemType.swift in Sources */,
				3822FEA026E272A10078ECD1 /* DataController-Item.swift in Sources */,
				3843197D26DD50FC00E78F73 /* StoreView.swift in Sources */,
				385DBC2426D9119A00B0D245 /* Binding-onChange.swift in Sources */,
				382DD13326D7B9AB00C6DA95 /* RecognizedContentLineView.swift in Sources */,
				387E0A0026D2D00E007D0542 /* RecognitionDataTransformer.swift in Sources */,
				38B786FB26E0B4980011A53A /* ItemTypePicker.swift in Sources */,
			);
			runOnlyForDeploymentPostprocessing = 0;
		};
/* End PBXSourcesBuildPhase section */

/* Begin XCBuildConfiguration section */
		386EBE7226BABE0400F1E4AB /* Debug */ = {
			isa = XCBuildConfiguration;
			buildSettings = {
				ALWAYS_SEARCH_USER_PATHS = NO;
				CLANG_ANALYZER_NONNULL = YES;
				CLANG_ANALYZER_NUMBER_OBJECT_CONVERSION = YES_AGGRESSIVE;
				CLANG_CXX_LANGUAGE_STANDARD = "gnu++17";
				CLANG_CXX_LIBRARY = "libc++";
				CLANG_ENABLE_MODULES = YES;
				CLANG_ENABLE_OBJC_ARC = YES;
				CLANG_ENABLE_OBJC_WEAK = YES;
				CLANG_WARN_BLOCK_CAPTURE_AUTORELEASING = YES;
				CLANG_WARN_BOOL_CONVERSION = YES;
				CLANG_WARN_COMMA = YES;
				CLANG_WARN_CONSTANT_CONVERSION = YES;
				CLANG_WARN_DEPRECATED_OBJC_IMPLEMENTATIONS = YES;
				CLANG_WARN_DIRECT_OBJC_ISA_USAGE = YES_ERROR;
				CLANG_WARN_DOCUMENTATION_COMMENTS = YES;
				CLANG_WARN_EMPTY_BODY = YES;
				CLANG_WARN_ENUM_CONVERSION = YES;
				CLANG_WARN_INFINITE_RECURSION = YES;
				CLANG_WARN_INT_CONVERSION = YES;
				CLANG_WARN_NON_LITERAL_NULL_CONVERSION = YES;
				CLANG_WARN_OBJC_IMPLICIT_RETAIN_SELF = YES;
				CLANG_WARN_OBJC_LITERAL_CONVERSION = YES;
				CLANG_WARN_OBJC_ROOT_CLASS = YES_ERROR;
				CLANG_WARN_QUOTED_INCLUDE_IN_FRAMEWORK_HEADER = YES;
				CLANG_WARN_RANGE_LOOP_ANALYSIS = YES;
				CLANG_WARN_STRICT_PROTOTYPES = YES;
				CLANG_WARN_SUSPICIOUS_MOVE = YES;
				CLANG_WARN_UNGUARDED_AVAILABILITY = YES_AGGRESSIVE;
				CLANG_WARN_UNREACHABLE_CODE = YES;
				CLANG_WARN__DUPLICATE_METHOD_MATCH = YES;
				COPY_PHASE_STRIP = NO;
				DEBUG_INFORMATION_FORMAT = dwarf;
				ENABLE_STRICT_OBJC_MSGSEND = YES;
				ENABLE_TESTABILITY = YES;
				GCC_C_LANGUAGE_STANDARD = gnu11;
				GCC_DYNAMIC_NO_PIC = NO;
				GCC_NO_COMMON_BLOCKS = YES;
				GCC_OPTIMIZATION_LEVEL = 0;
				GCC_PREPROCESSOR_DEFINITIONS = (
					"DEBUG=1",
					"$(inherited)",
				);
				GCC_WARN_64_TO_32_BIT_CONVERSION = YES;
				GCC_WARN_ABOUT_RETURN_TYPE = YES_ERROR;
				GCC_WARN_UNDECLARED_SELECTOR = YES;
				GCC_WARN_UNINITIALIZED_AUTOS = YES_AGGRESSIVE;
				GCC_WARN_UNUSED_FUNCTION = YES;
				GCC_WARN_UNUSED_VARIABLE = YES;
				IPHONEOS_DEPLOYMENT_TARGET = 15.0;
				MTL_ENABLE_DEBUG_INFO = INCLUDE_SOURCE;
				MTL_FAST_MATH = YES;
				ONLY_ACTIVE_ARCH = YES;
				SDKROOT = iphoneos;
				SWIFT_ACTIVE_COMPILATION_CONDITIONS = DEBUG;
				SWIFT_OPTIMIZATION_LEVEL = "-Onone";
			};
			name = Debug;
		};
		386EBE7326BABE0400F1E4AB /* Release */ = {
			isa = XCBuildConfiguration;
			buildSettings = {
				ALWAYS_SEARCH_USER_PATHS = NO;
				CLANG_ANALYZER_NONNULL = YES;
				CLANG_ANALYZER_NUMBER_OBJECT_CONVERSION = YES_AGGRESSIVE;
				CLANG_CXX_LANGUAGE_STANDARD = "gnu++17";
				CLANG_CXX_LIBRARY = "libc++";
				CLANG_ENABLE_MODULES = YES;
				CLANG_ENABLE_OBJC_ARC = YES;
				CLANG_ENABLE_OBJC_WEAK = YES;
				CLANG_WARN_BLOCK_CAPTURE_AUTORELEASING = YES;
				CLANG_WARN_BOOL_CONVERSION = YES;
				CLANG_WARN_COMMA = YES;
				CLANG_WARN_CONSTANT_CONVERSION = YES;
				CLANG_WARN_DEPRECATED_OBJC_IMPLEMENTATIONS = YES;
				CLANG_WARN_DIRECT_OBJC_ISA_USAGE = YES_ERROR;
				CLANG_WARN_DOCUMENTATION_COMMENTS = YES;
				CLANG_WARN_EMPTY_BODY = YES;
				CLANG_WARN_ENUM_CONVERSION = YES;
				CLANG_WARN_INFINITE_RECURSION = YES;
				CLANG_WARN_INT_CONVERSION = YES;
				CLANG_WARN_NON_LITERAL_NULL_CONVERSION = YES;
				CLANG_WARN_OBJC_IMPLICIT_RETAIN_SELF = YES;
				CLANG_WARN_OBJC_LITERAL_CONVERSION = YES;
				CLANG_WARN_OBJC_ROOT_CLASS = YES_ERROR;
				CLANG_WARN_QUOTED_INCLUDE_IN_FRAMEWORK_HEADER = YES;
				CLANG_WARN_RANGE_LOOP_ANALYSIS = YES;
				CLANG_WARN_STRICT_PROTOTYPES = YES;
				CLANG_WARN_SUSPICIOUS_MOVE = YES;
				CLANG_WARN_UNGUARDED_AVAILABILITY = YES_AGGRESSIVE;
				CLANG_WARN_UNREACHABLE_CODE = YES;
				CLANG_WARN__DUPLICATE_METHOD_MATCH = YES;
				COPY_PHASE_STRIP = NO;
				DEBUG_INFORMATION_FORMAT = "dwarf-with-dsym";
				ENABLE_NS_ASSERTIONS = NO;
				ENABLE_STRICT_OBJC_MSGSEND = YES;
				GCC_C_LANGUAGE_STANDARD = gnu11;
				GCC_NO_COMMON_BLOCKS = YES;
				GCC_WARN_64_TO_32_BIT_CONVERSION = YES;
				GCC_WARN_ABOUT_RETURN_TYPE = YES_ERROR;
				GCC_WARN_UNDECLARED_SELECTOR = YES;
				GCC_WARN_UNINITIALIZED_AUTOS = YES_AGGRESSIVE;
				GCC_WARN_UNUSED_FUNCTION = YES;
				GCC_WARN_UNUSED_VARIABLE = YES;
				IPHONEOS_DEPLOYMENT_TARGET = 15.0;
				MTL_ENABLE_DEBUG_INFO = NO;
				MTL_FAST_MATH = YES;
				SDKROOT = iphoneos;
				SWIFT_COMPILATION_MODE = wholemodule;
				SWIFT_OPTIMIZATION_LEVEL = "-O";
				VALIDATE_PRODUCT = YES;
			};
			name = Release;
		};
		386EBE7526BABE0400F1E4AB /* Debug */ = {
			isa = XCBuildConfiguration;
			buildSettings = {
				ASSETCATALOG_COMPILER_APPICON_NAME = AppIcon;
				ASSETCATALOG_COMPILER_GLOBAL_ACCENT_COLOR_NAME = AccentColor;
				CODE_SIGN_ENTITLEMENTS = ReceiptKeeper/ReceiptKeeper.entitlements;
				CODE_SIGN_STYLE = Automatic;
				CURRENT_PROJECT_VERSION = 1;
				DEVELOPMENT_ASSET_PATHS = "\"ReceiptKeeper/Preview Content\"";
				DEVELOPMENT_TEAM = UM3QPHF8E3;
				ENABLE_PREVIEWS = YES;
				GENERATE_INFOPLIST_FILE = YES;
				INFOPLIST_FILE = ReceiptKeeper/Info.plist;
				INFOPLIST_KEY_NSCameraUsageDescription = "I want to use the camera!";
				INFOPLIST_KEY_UIApplicationSceneManifest_Generation = YES;
				INFOPLIST_KEY_UIApplicationSupportsIndirectInputEvents = YES;
				INFOPLIST_KEY_UILaunchScreen_Generation = YES;
				INFOPLIST_KEY_UISupportedInterfaceOrientations_iPad = "UIInterfaceOrientationPortrait UIInterfaceOrientationPortraitUpsideDown UIInterfaceOrientationLandscapeLeft UIInterfaceOrientationLandscapeRight";
				INFOPLIST_KEY_UISupportedInterfaceOrientations_iPhone = "UIInterfaceOrientationPortrait UIInterfaceOrientationLandscapeLeft UIInterfaceOrientationLandscapeRight";
				IPHONEOS_DEPLOYMENT_TARGET = 15.0;
				LD_RUNPATH_SEARCH_PATHS = (
					"$(inherited)",
					"@executable_path/Frameworks",
				);
				MARKETING_VERSION = 1.0;
				PRODUCT_BUNDLE_IDENTIFIER = me.chenchik.receipt;
				PRODUCT_NAME = "$(TARGET_NAME)";
				SWIFT_EMIT_LOC_STRINGS = YES;
				SWIFT_VERSION = 5.0;
				TARGETED_DEVICE_FAMILY = "1,2";
			};
			name = Debug;
		};
		386EBE7626BABE0400F1E4AB /* Release */ = {
			isa = XCBuildConfiguration;
			buildSettings = {
				ASSETCATALOG_COMPILER_APPICON_NAME = AppIcon;
				ASSETCATALOG_COMPILER_GLOBAL_ACCENT_COLOR_NAME = AccentColor;
				CODE_SIGN_ENTITLEMENTS = ReceiptKeeper/ReceiptKeeper.entitlements;
				CODE_SIGN_STYLE = Automatic;
				CURRENT_PROJECT_VERSION = 1;
				DEVELOPMENT_ASSET_PATHS = "\"ReceiptKeeper/Preview Content\"";
				DEVELOPMENT_TEAM = UM3QPHF8E3;
				ENABLE_PREVIEWS = YES;
				GENERATE_INFOPLIST_FILE = YES;
				INFOPLIST_FILE = ReceiptKeeper/Info.plist;
				INFOPLIST_KEY_NSCameraUsageDescription = "I want to use the camera!";
				INFOPLIST_KEY_UIApplicationSceneManifest_Generation = YES;
				INFOPLIST_KEY_UIApplicationSupportsIndirectInputEvents = YES;
				INFOPLIST_KEY_UILaunchScreen_Generation = YES;
				INFOPLIST_KEY_UISupportedInterfaceOrientations_iPad = "UIInterfaceOrientationPortrait UIInterfaceOrientationPortraitUpsideDown UIInterfaceOrientationLandscapeLeft UIInterfaceOrientationLandscapeRight";
				INFOPLIST_KEY_UISupportedInterfaceOrientations_iPhone = "UIInterfaceOrientationPortrait UIInterfaceOrientationLandscapeLeft UIInterfaceOrientationLandscapeRight";
				IPHONEOS_DEPLOYMENT_TARGET = 15.0;
				LD_RUNPATH_SEARCH_PATHS = (
					"$(inherited)",
					"@executable_path/Frameworks",
				);
				MARKETING_VERSION = 1.0;
				PRODUCT_BUNDLE_IDENTIFIER = me.chenchik.receipt;
				PRODUCT_NAME = "$(TARGET_NAME)";
				SWIFT_EMIT_LOC_STRINGS = YES;
				SWIFT_VERSION = 5.0;
				TARGETED_DEVICE_FAMILY = "1,2";
			};
			name = Release;
		};
/* End XCBuildConfiguration section */

/* Begin XCConfigurationList section */
		386EBE6126BABE0400F1E4AB /* Build configuration list for PBXProject "ReceiptKeeper" */ = {
			isa = XCConfigurationList;
			buildConfigurations = (
				386EBE7226BABE0400F1E4AB /* Debug */,
				386EBE7326BABE0400F1E4AB /* Release */,
			);
			defaultConfigurationIsVisible = 0;
			defaultConfigurationName = Release;
		};
		386EBE7426BABE0400F1E4AB /* Build configuration list for PBXNativeTarget "ReceiptKeeper" */ = {
			isa = XCConfigurationList;
			buildConfigurations = (
				386EBE7526BABE0400F1E4AB /* Debug */,
				386EBE7626BABE0400F1E4AB /* Release */,
			);
			defaultConfigurationIsVisible = 0;
			defaultConfigurationName = Release;
		};
/* End XCConfigurationList section */

/* Begin XCVersionGroup section */
		387E09F726CEA5E1007D0542 /* Main.xcdatamodeld */ = {
			isa = XCVersionGroup;
			children = (
				387E09F826CEA5E1007D0542 /* Main.xcdatamodel */,
			);
			currentVersion = 387E09F826CEA5E1007D0542 /* Main.xcdatamodel */;
			path = Main.xcdatamodeld;
			sourceTree = "<group>";
			versionGroupType = wrapper.xcdatamodel;
		};
/* End XCVersionGroup section */
	};
	rootObject = 386EBE5E26BABE0400F1E4AB /* Project object */;
}
